
Microsoft Visual Studio Solution File, Format Version 12.00
# Visual Studio Version 17
VisualStudioVersion = 17.0.31912.275
MinimumVisualStudioVersion = 10.0.40219.1
Project("{2150E333-8FDC-42A3-9474-1A3956D46DE8}") = "SimpleFactoryPattern", "SimpleFactoryPattern", "{76839061-F144-4A82-858A-CB1306CD6D08}"
EndProject
Project("{9A19103F-16F7-4668-BE54-9A1E7A4F7556}") = "SimpleFactoryPattern", "CreationalPatterns\SimpleFactoryPattern\SimpleFactoryPattern\SimpleFactoryPattern.csproj", "{11294BDF-882D-4BDD-9807-5B33D8A732A0}"
EndProject
Project("{9A19103F-16F7-4668-BE54-9A1E7A4F7556}") = "Example", "CreationalPatterns\SimpleFactoryPattern\Example\Example.csproj", "{F94D2895-8AEB-47AD-82EE-7A9B38CFB0C2}"
EndProject
Project("{2150E333-8FDC-42A3-9474-1A3956D46DE8}") = "MediatorPattern", "MediatorPattern", "{58C4D968-D78D-4F85-86AE-CAA649BA351F}"
EndProject
Project("{9A19103F-16F7-4668-BE54-9A1E7A4F7556}") = "MediatorPattern", "BehaviouralPatterns\MediatorPattern\MediatorPattern\MediatorPattern.csproj", "{CB33002C-7597-4B83-BD2B-4DF05BD95D21}"
EndProject
Project("{9A19103F-16F7-4668-BE54-9A1E7A4F7556}") = "Example", "BehaviouralPatterns\MediatorPattern\Example\Example.csproj", "{D8D8B7EE-713A-457A-B9A7-1E82259128DC}"
EndProject
Project("{2150E333-8FDC-42A3-9474-1A3956D46DE8}") = "AbstractFactoryPattern", "AbstractFactoryPattern", "{61993602-5143-4D35-9EF6-7D55FF66297A}"
EndProject
Project("{9A19103F-16F7-4668-BE54-9A1E7A4F7556}") = "AbstractFactoryPattern", "CreationalPatterns\AbstractFactoryPattern\AbstractFactoryPattern\AbstractFactoryPattern.csproj", "{FA1EAB5D-3E0B-4049-AD63-858558A71A13}"
EndProject
Project("{9A19103F-16F7-4668-BE54-9A1E7A4F7556}") = "Example", "CreationalPatterns\AbstractFactoryPattern\Example\Example.csproj", "{9A4ABFC7-B85D-458B-8AF8-3D31189F070F}"
EndProject
Global
	GlobalSection(SolutionConfigurationPlatforms) = preSolution
		Debug|Any CPU = Debug|Any CPU
		Release|Any CPU = Release|Any CPU
	EndGlobalSection
	GlobalSection(ProjectConfigurationPlatforms) = postSolution
		{11294BDF-882D-4BDD-9807-5B33D8A732A0}.Debug|Any CPU.ActiveCfg = Debug|Any CPU
		{11294BDF-882D-4BDD-9807-5B33D8A732A0}.Debug|Any CPU.Build.0 = Debug|Any CPU
		{11294BDF-882D-4BDD-9807-5B33D8A732A0}.Release|Any CPU.ActiveCfg = Release|Any CPU
		{11294BDF-882D-4BDD-9807-5B33D8A732A0}.Release|Any CPU.Build.0 = Release|Any CPU
		{F94D2895-8AEB-47AD-82EE-7A9B38CFB0C2}.Debug|Any CPU.ActiveCfg = Debug|Any CPU
		{F94D2895-8AEB-47AD-82EE-7A9B38CFB0C2}.Debug|Any CPU.Build.0 = Debug|Any CPU
		{F94D2895-8AEB-47AD-82EE-7A9B38CFB0C2}.Release|Any CPU.ActiveCfg = Release|Any CPU
		{F94D2895-8AEB-47AD-82EE-7A9B38CFB0C2}.Release|Any CPU.Build.0 = Release|Any CPU
		{CB33002C-7597-4B83-BD2B-4DF05BD95D21}.Debug|Any CPU.ActiveCfg = Debug|Any CPU
		{CB33002C-7597-4B83-BD2B-4DF05BD95D21}.Debug|Any CPU.Build.0 = Debug|Any CPU
		{CB33002C-7597-4B83-BD2B-4DF05BD95D21}.Release|Any CPU.ActiveCfg = Release|Any CPU
		{CB33002C-7597-4B83-BD2B-4DF05BD95D21}.Release|Any CPU.Build.0 = Release|Any CPU
		{D8D8B7EE-713A-457A-B9A7-1E82259128DC}.Debug|Any CPU.ActiveCfg = Debug|Any CPU
		{D8D8B7EE-713A-457A-B9A7-1E82259128DC}.Debug|Any CPU.Build.0 = Debug|Any CPU
		{D8D8B7EE-713A-457A-B9A7-1E82259128DC}.Release|Any CPU.ActiveCfg = Release|Any CPU
		{D8D8B7EE-713A-457A-B9A7-1E82259128DC}.Release|Any CPU.Build.0 = Release|Any CPU
		{FA1EAB5D-3E0B-4049-AD63-858558A71A13}.Debug|Any CPU.ActiveCfg = Debug|Any CPU
		{FA1EAB5D-3E0B-4049-AD63-858558A71A13}.Debug|Any CPU.Build.0 = Debug|Any CPU
		{FA1EAB5D-3E0B-4049-AD63-858558A71A13}.Release|Any CPU.ActiveCfg = Release|Any CPU
		{FA1EAB5D-3E0B-4049-AD63-858558A71A13}.Release|Any CPU.Build.0 = Release|Any CPU
		{9A4ABFC7-B85D-458B-8AF8-3D31189F070F}.Debug|Any CPU.ActiveCfg = Debug|Any CPU
		{9A4ABFC7-B85D-458B-8AF8-3D31189F070F}.Debug|Any CPU.Build.0 = Debug|Any CPU
		{9A4ABFC7-B85D-458B-8AF8-3D31189F070F}.Release|Any CPU.ActiveCfg = Release|Any CPU
		{9A4ABFC7-B85D-458B-8AF8-3D31189F070F}.Release|Any CPU.Build.0 = Release|Any CPU
	EndGlobalSection
	GlobalSection(SolutionProperties) = preSolution
		HideSolutionNode = FALSE
	EndGlobalSection
	GlobalSection(NestedProjects) = preSolution
		{11294BDF-882D-4BDD-9807-5B33D8A732A0} = {76839061-F144-4A82-858A-CB1306CD6D08}
		{F94D2895-8AEB-47AD-82EE-7A9B38CFB0C2} = {76839061-F144-4A82-858A-CB1306CD6D08}
		{CB33002C-7597-4B83-BD2B-4DF05BD95D21} = {58C4D968-D78D-4F85-86AE-CAA649BA351F}
		{D8D8B7EE-713A-457A-B9A7-1E82259128DC} = {58C4D968-D78D-4F85-86AE-CAA649BA351F}
		{FA1EAB5D-3E0B-4049-AD63-858558A71A13} = {61993602-5143-4D35-9EF6-7D55FF66297A}
		{9A4ABFC7-B85D-458B-8AF8-3D31189F070F} = {61993602-5143-4D35-9EF6-7D55FF66297A}
	EndGlobalSection
	GlobalSection(ExtensibilityGlobals) = postSolution
		SolutionGuid = {296FE01D-018E-4D14-992F-A6AFB841780B}
	EndGlobalSection
EndGlobal
